
Microsoft Visual Studio Solution File, Format Version 12.00
# Visual Studio 2013
VisualStudioVersion = 12.0.31101.0
MinimumVisualStudioVersion = 10.0.40219.1
Project("{FAE04EC0-301F-11D3-BF4B-00C04F79EFBC}") = "SampleWebApp", "SampleWebApp\SampleWebApp.csproj", "{5A4A5C1C-3175-4AB2-A22B-03A05F6221A0}"
EndProject
Project("{FAE04EC0-301F-11D3-BF4B-00C04F79EFBC}") = "SampleWebAppTest", "SampleWebAppTest\SampleWebAppTest.csproj", "{89B78652-5D7C-4858-B3EC-20B8B00EF128}"
	ProjectSection(ProjectDependencies) = postProject
		{5A4A5C1C-3175-4AB2-A22B-03A05F6221A0} = {5A4A5C1C-3175-4AB2-A22B-03A05F6221A0}
	EndProjectSection
EndProject
Global
	GlobalSection(SolutionConfigurationPlatforms) = preSolution
		Debug|Any CPU = Debug|Any CPU
		Release|Any CPU = Release|Any CPU
	EndGlobalSection
	GlobalSection(ProjectConfigurationPlatforms) = postSolution
		{5A4A5C1C-3175-4AB2-A22B-03A05F6221A0}.Debug|Any CPU.ActiveCfg = Debug|Any CPU
		{5A4A5C1C-3175-4AB2-A22B-03A05F6221A0}.Debug|Any CPU.Build.0 = Debug|Any CPU
		{5A4A5C1C-3175-4AB2-A22B-03A05F6221A0}.Release|Any CPU.ActiveCfg = Release|Any CPU
		{5A4A5C1C-3175-4AB2-A22B-03A05F6221A0}.Release|Any CPU.Build.0 = Release|Any CPU
		{89B78652-5D7C-4858-B3EC-20B8B00EF128}.Debug|Any CPU.ActiveCfg = Debug|Any CPU
		{89B78652-5D7C-4858-B3EC-20B8B00EF128}.Debug|Any CPU.Build.0 = Debug|Any CPU
		{89B78652-5D7C-4858-B3EC-20B8B00EF128}.Release|Any CPU.ActiveCfg = Release|Any CPU
		{89B78652-5D7C-4858-B3EC-20B8B00EF128}.Release|Any CPU.Build.0 = Release|Any CPU
	EndGlobalSection
	GlobalSection(SolutionProperties) = preSolution
		HideSolutionNode = FALSE
	EndGlobalSection
EndGlobal
